{
  "name": "validator",
  "version": "1.0.0",
  "lockfileVersion": 2,
  "requires": true,
  "packages": {
    "": {
      "name": "validator",
      "version": "1.0.0",
      "license": "ISC",
      "dependencies": {
        "errors": "file:../errors"
      }
    },
    "../errors": {
      "version": "1.0.0",
      "license": "ISC",
      "dependencies": {
        "utils": "file:../utils"
      }
    },
    "node_modules/errors": {
      "resolved": "../errors",
      "link": true
    }
  },
  "dependencies": {
    "errors": {
      "version": "file:../errors",
      "requires": {
        "utils": "file:../utils"
      }
    }
  }
}
